
Microsoft Visual Studio Solution File, Format Version 12.00
# Visual Studio Version 17
VisualStudioVersion = 17.3.32929.385
MinimumVisualStudioVersion = 10.0.40219.1
Project("{9A19103F-16F7-4668-BE54-9A1E7A4F7556}") = "alura.estacionamento", "alura.estacionamento\alura.estacionamento.csproj", "{B8246677-C410-4D48-A457-AB6938367F5F}"
EndProject
Project("{FAE04EC0-301F-11D3-BF4B-00C04F79EFBC}") = "alura.estacionamento.testes", "alura.estacionamento.testes\alura.estacionamento.testes.csproj", "{9843C60B-EC60-4D12-9F66-F3C258851366}"
EndProject
Global
	GlobalSection(SolutionConfigurationPlatforms) = preSolution
		Debug|Any CPU = Debug|Any CPU
		Release|Any CPU = Release|Any CPU
	EndGlobalSection
	GlobalSection(ProjectConfigurationPlatforms) = postSolution
		{B8246677-C410-4D48-A457-AB6938367F5F}.Debug|Any CPU.ActiveCfg = Debug|Any CPU
		{B8246677-C410-4D48-A457-AB6938367F5F}.Debug|Any CPU.Build.0 = Debug|Any CPU
		{B8246677-C410-4D48-A457-AB6938367F5F}.Release|Any CPU.ActiveCfg = Release|Any CPU
		{B8246677-C410-4D48-A457-AB6938367F5F}.Release|Any CPU.Build.0 = Release|Any CPU
		{9843C60B-EC60-4D12-9F66-F3C258851366}.Debug|Any CPU.ActiveCfg = Debug|Any CPU
		{9843C60B-EC60-4D12-9F66-F3C258851366}.Debug|Any CPU.Build.0 = Debug|Any CPU
		{9843C60B-EC60-4D12-9F66-F3C258851366}.Release|Any CPU.ActiveCfg = Release|Any CPU
		{9843C60B-EC60-4D12-9F66-F3C258851366}.Release|Any CPU.Build.0 = Release|Any CPU
	EndGlobalSection
	GlobalSection(SolutionProperties) = preSolution
		HideSolutionNode = FALSE
	EndGlobalSection
	GlobalSection(ExtensibilityGlobals) = postSolution
		SolutionGuid = {9ACBBDB5-F1E2-4605-B087-87D4BCB81E72}
	EndGlobalSection
EndGlobal
